# @generated by Move, please check-in and do not edit manually.

[move]
version = 3
manifest_digest = "CF14043B5CFF44083993C34213B8F8C278D42D15A2AED4089DB1BB4D12F19E16"
deps_digest = "F9B494B64F0615AED0E98FC12A85B85ECD2BC5185C22D30E7F67786BB52E507C"
dependencies = [
  { id = "Bridge", name = "Bridge" },
  { id = "MoveStdlib", name = "MoveStdlib" },
  { id = "Sui", name = "Sui" },
  { id = "SuiSystem", name = "SuiSystem" },
]

[[move.package]]
id = "Bridge"
source = { git = "https://github.com/MystenLabs/sui.git", rev = "494fa6ede17f366f1cd850f01ccb9f42dc75c470", subdir = "crates/sui-framework/packages/bridge" }

dependencies = [
  { id = "MoveStdlib", name = "MoveStdlib" },
  { id = "Sui", name = "Sui" },
  { id = "SuiSystem", name = "SuiSystem" },
]

[[move.package]]
id = "MoveStdlib"
source = { git = "https://github.com/MystenLabs/sui.git", rev = "494fa6ede17f366f1cd850f01ccb9f42dc75c470", subdir = "crates/sui-framework/packages/move-stdlib" }

[[move.package]]
id = "Sui"
source = { git = "https://github.com/MystenLabs/sui.git", rev = "494fa6ede17f366f1cd850f01ccb9f42dc75c470", subdir = "crates/sui-framework/packages/sui-framework" }

dependencies = [
  { id = "MoveStdlib", name = "MoveStdlib" },
]

[[move.package]]
id = "SuiSystem"
source = { git = "https://github.com/MystenLabs/sui.git", rev = "494fa6ede17f366f1cd850f01ccb9f42dc75c470", subdir = "crates/sui-framework/packages/sui-system" }

dependencies = [
  { id = "MoveStdlib", name = "MoveStdlib" },
  { id = "Sui", name = "Sui" },
]

[move.toolchain-version]
compiler-version = "1.59.1"
edition = "2024.beta"
flavor = "sui"

[env]

[env.devnet]
chain-id = "bce509ad"
original-published-id = "0xa92b86cdb66970308f6e4c336dc4791ccd47bc85d8941d8e84c13ef2fe321a7d"
latest-published-id = "0xa92b86cdb66970308f6e4c336dc4791ccd47bc85d8941d8e84c13ef2fe321a7d"
published-version = "1"

[env.testnet]
chain-id = "4c78adac"
original-published-id = "0xe71ae7d6cf3bde0197e81ca03eb706f465c02de65e4745e509faa105c34d4f61"
latest-published-id = "0xe71ae7d6cf3bde0197e81ca03eb706f465c02de65e4745e509faa105c34d4f61"
published-version = "1"

[env.mainnet]
chain-id = "35834a8a"
original-published-id = "0xf9b624ff13fb1de3c757581b6418971726316e719cdf6116f859d0f52aca8a6a"
latest-published-id = "0xf9b624ff13fb1de3c757581b6418971726316e719cdf6116f859d0f52aca8a6a"
published-version = "1"
