# @generated by Move, please check-in and do not edit manually.

[move]
version = 3
manifest_digest = "7CFAF8F3456E301142CA0BD60E328682016FD104E6D3153B95B1E6CAD18471F6"
deps_digest = "F9B494B64F0615AED0E98FC12A85B85ECD2BC5185C22D30E7F67786BB52E507C"
dependencies = [
  { id = "Bridge", name = "Bridge" },
  { id = "MoveStdlib", name = "MoveStdlib" },
  { id = "Sui", name = "Sui" },
  { id = "SuiSystem", name = "SuiSystem" },
]

[[move.package]]
id = "Bridge"
source = { git = "https://github.com/MystenLabs/sui.git", rev = "494fa6ede17f366f1cd850f01ccb9f42dc75c470", subdir = "crates/sui-framework/packages/bridge" }

dependencies = [
  { id = "MoveStdlib", name = "MoveStdlib" },
  { id = "Sui", name = "Sui" },
  { id = "SuiSystem", name = "SuiSystem" },
]

[[move.package]]
id = "MoveStdlib"
source = { git = "https://github.com/MystenLabs/sui.git", rev = "494fa6ede17f366f1cd850f01ccb9f42dc75c470", subdir = "crates/sui-framework/packages/move-stdlib" }

[[move.package]]
id = "Sui"
source = { git = "https://github.com/MystenLabs/sui.git", rev = "494fa6ede17f366f1cd850f01ccb9f42dc75c470", subdir = "crates/sui-framework/packages/sui-framework" }

dependencies = [
  { id = "MoveStdlib", name = "MoveStdlib" },
]

[[move.package]]
id = "SuiSystem"
source = { git = "https://github.com/MystenLabs/sui.git", rev = "494fa6ede17f366f1cd850f01ccb9f42dc75c470", subdir = "crates/sui-framework/packages/sui-system" }

dependencies = [
  { id = "MoveStdlib", name = "MoveStdlib" },
  { id = "Sui", name = "Sui" },
]

[move.toolchain-version]
compiler-version = "1.59.1"
edition = "2024.beta"
flavor = "sui"

[env]

[env.devnet]
chain-id = "bce509ad"
original-published-id = "0xc99109ca2cf2d092478dbadbaf2ff5336cdf1dcb7c44dd1bc1dcbf3ec41f1214"
latest-published-id = "0xc99109ca2cf2d092478dbadbaf2ff5336cdf1dcb7c44dd1bc1dcbf3ec41f1214"
published-version = "1"

[env.testnet]
chain-id = "4c78adac"
original-published-id = "0xc365af41f5715ef3fa19045a0c6cc1f6478c1b5227935a154684d163e68d3bb4"
latest-published-id = "0xc365af41f5715ef3fa19045a0c6cc1f6478c1b5227935a154684d163e68d3bb4"
published-version = "1"

[env.mainnet]
chain-id = "35834a8a"
original-published-id = "0xfbffcc854d3f510e82deecf0d891ed30d85e0f31c4a9173826d3b422c72539fd"
latest-published-id = "0xfbffcc854d3f510e82deecf0d891ed30d85e0f31c4a9173826d3b422c72539fd"
published-version = "1"
